// !$*UTF8*$!
{
	archiveVersion = 1;
	classes = {
	};
	objectVersion = 46;
	objects = {

/* Begin PBXBuildFile section */
		01979E801C97DDF900D02B0B /* main.m in Sources */ = {isa = PBXBuildFile; fileRef = 01979E7F1C97DDF900D02B0B /* main.m */; };
		01979E831C97DDF900D02B0B /* AppDelegate.m in Sources */ = {isa = PBXBuildFile; fileRef = 01979E821C97DDF900D02B0B /* AppDelegate.m */; };
		01979E861C97DDF900D02B0B /* ViewController.m in Sources */ = {isa = PBXBuildFile; fileRef = 01979E851C97DDF900D02B0B /* ViewController.m */; };
		01979E891C97DDF900D02B0B /* Main.storyboard in Resources */ = {isa = PBXBuildFile; fileRef = 01979E871C97DDF900D02B0B /* Main.storyboard */; };
		01979E8B1C97DDF900D02B0B /* Assets.xcassets in Resources */ = {isa = PBXBuildFile; fileRef = 01979E8A1C97DDF900D02B0B /* Assets.xcassets */; };
		01979E8E1C97DDF900D02B0B /* LaunchScreen.storyboard in Resources */ = {isa = PBXBuildFile; fileRef = 01979E8C1C97DDF900D02B0B /* LaunchScreen.storyboard */; };
		01979E971C97DE1300D02B0B /* AXCollectionViewFlowLayout.m in Sources */ = {isa = PBXBuildFile; fileRef = 01979E961C97DE1300D02B0B /* AXCollectionViewFlowLayout.m */; };
		01979EB11C97E80A00D02B0B /* 1.jpg in Resources */ = {isa = PBXBuildFile; fileRef = 01979E9A1C97E80A00D02B0B /* 1.jpg */; };
		01979EB21C97E80A00D02B0B /* 2.jpg in Resources */ = {isa = PBXBuildFile; fileRef = 01979E9B1C97E80A00D02B0B /* 2.jpg */; };
		01979EB31C97E80A00D02B0B /* 3.jpg in Resources */ = {isa = PBXBuildFile; fileRef = 01979E9C1C97E80A00D02B0B /* 3.jpg */; };
		01979EB41C97E80A00D02B0B /* 4.jpg in Resources */ = {isa = PBXBuildFile; fileRef = 01979E9D1C97E80A00D02B0B /* 4.jpg */; };
		01979EB51C97E80A00D02B0B /* 5.jpg in Resources */ = {isa = PBXBuildFile; fileRef = 01979E9E1C97E80A00D02B0B /* 5.jpg */; };
		01979EB61C97E80A00D02B0B /* 6.jpg in Resources */ = {isa = PBXBuildFile; fileRef = 01979E9F1C97E80A00D02B0B /* 6.jpg */; };
		01979EB71C97E80A00D02B0B /* 7.jpg in Resources */ = {isa = PBXBuildFile; fileRef = 01979EA01C97E80A00D02B0B /* 7.jpg */; };
		01979EB81C97E80A00D02B0B /* 8.jpg in Resources */ = {isa = PBXBuildFile; fileRef = 01979EA11C97E80A00D02B0B /* 8.jpg */; };
		01979EB91C97E80A00D02B0B /* 9.jpg in Resources */ = {isa = PBXBuildFile; fileRef = 01979EA21C97E80A00D02B0B /* 9.jpg */; };
		01979EBA1C97E80A00D02B0B /* 10.jpg in Resources */ = {isa = PBXBuildFile; fileRef = 01979EA31C97E80A00D02B0B /* 10.jpg */; };
		01979EBB1C97E80A00D02B0B /* 11.jpg in Resources */ = {isa = PBXBuildFile; fileRef = 01979EA41C97E80A00D02B0B /* 11.jpg */; };
		01979EBC1C97E80A00D02B0B /* 12.jpg in Resources */ = {isa = PBXBuildFile; fileRef = 01979EA51C97E80A00D02B0B /* 12.jpg */; };
		01979EBD1C97E80A00D02B0B /* 13.jpg in Resources */ = {isa = PBXBuildFile; fileRef = 01979EA61C97E80A00D02B0B /* 13.jpg */; };
		01979EBE1C97E80A00D02B0B /* 14.jpg in Resources */ = {isa = PBXBuildFile; fileRef = 01979EA71C97E80A00D02B0B /* 14.jpg */; };
		01979EBF1C97E80A00D02B0B /* 15.jpg in Resources */ = {isa = PBXBuildFile; fileRef = 01979EA81C97E80A00D02B0B /* 15.jpg */; };
		01979EC01C97E80A00D02B0B /* 16.jpg in Resources */ = {isa = PBXBuildFile; fileRef = 01979EA91C97E80A00D02B0B /* 16.jpg */; };
		01979EC11C97E80A00D02B0B /* 17.jpg in Resources */ = {isa = PBXBuildFile; fileRef = 01979EAA1C97E80A00D02B0B /* 17.jpg */; };
		01979EC21C97E80A00D02B0B /* 18.jpg in Resources */ = {isa = PBXBuildFile; fileRef = 01979EAB1C97E80A00D02B0B /* 18.jpg */; };
		01979EC31C97E80A00D02B0B /* 19.jpg in Resources */ = {isa = PBXBuildFile; fileRef = 01979EAC1C97E80A00D02B0B /* 19.jpg */; };
		01979EC41C97E80A00D02B0B /* 20.jpg in Resources */ = {isa = PBXBuildFile; fileRef = 01979EAD1C97E80A00D02B0B /* 20.jpg */; };
		01979EC51C97E80A00D02B0B /* 21.jpg in Resources */ = {isa = PBXBuildFile; fileRef = 01979EAE1C97E80A00D02B0B /* 21.jpg */; };
		01979EC61C97E80A00D02B0B /* 22.jpg in Resources */ = {isa = PBXBuildFile; fileRef = 01979EAF1C97E80A00D02B0B /* 22.jpg */; };
		01979EC71C97E80A00D02B0B /* 23.jpg in Resources */ = {isa = PBXBuildFile; fileRef = 01979EB01C97E80A00D02B0B /* 23.jpg */; };
		01979ECB1C97E86E00D02B0B /* CollectionViewCell.m in Sources */ = {isa = PBXBuildFile; fileRef = 01979EC91C97E86E00D02B0B /* CollectionViewCell.m */; };
		01979ECC1C97E86E00D02B0B /* CollectionViewCell.xib in Resources */ = {isa = PBXBuildFile; fileRef = 01979ECA1C97E86E00D02B0B /* CollectionViewCell.xib */; };
/* End PBXBuildFile section */

/* Begin PBXFileReference section */
		01979E7B1C97DDF900D02B0B /* AXCollectionViewFlowLayout.app */ = {isa = PBXFileReference; explicitFileType = wrapper.application; includeInIndex = 0; path = AXCollectionViewFlowLayout.app; sourceTree = BUILT_PRODUCTS_DIR; };
		01979E7F1C97DDF900D02B0B /* main.m */ = {isa = PBXFileReference; lastKnownFileType = sourcecode.c.objc; path = main.m; sourceTree = "<group>"; };
		01979E811C97DDF900D02B0B /* AppDelegate.h */ = {isa = PBXFileReference; lastKnownFileType = sourcecode.c.h; path = AppDelegate.h; sourceTree = "<group>"; };
		01979E821C97DDF900D02B0B /* AppDelegate.m */ = {isa = PBXFileReference; lastKnownFileType = sourcecode.c.objc; path = AppDelegate.m; sourceTree = "<group>"; };
		01979E841C97DDF900D02B0B /* ViewController.h */ = {isa = PBXFileReference; lastKnownFileType = sourcecode.c.h; path = ViewController.h; sourceTree = "<group>"; };
		01979E851C97DDF900D02B0B /* ViewController.m */ = {isa = PBXFileReference; lastKnownFileType = sourcecode.c.objc; path = ViewController.m; sourceTree = "<group>"; };
		01979E881C97DDF900D02B0B /* Base */ = {isa = PBXFileReference; lastKnownFileType = file.storyboard; name = Base; path = Base.lproj/Main.storyboard; sourceTree = "<group>"; };
		01979E8A1C97DDF900D02B0B /* Assets.xcassets */ = {isa = PBXFileReference; lastKnownFileType = folder.assetcatalog; path = Assets.xcassets; sourceTree = "<group>"; };
		01979E8D1C97DDF900D02B0B /* Base */ = {isa = PBXFileReference; lastKnownFileType = file.storyboard; name = Base; path = Base.lproj/LaunchScreen.storyboard; sourceTree = "<group>"; };
		01979E8F1C97DDF900D02B0B /* Info.plist */ = {isa = PBXFileReference; lastKnownFileType = text.plist.xml; path = Info.plist; sourceTree = "<group>"; };
		01979E951C97DE1300D02B0B /* AXCollectionViewFlowLayout.h */ = {isa = PBXFileReference; fileEncoding = 4; lastKnownFileType = sourcecode.c.h; name = AXCollectionViewFlowLayout.h; path = AXCollectionViewFlowLayout/AXCollectionViewFlowLayout.h; sourceTree = "<group>"; };
		01979E961C97DE1300D02B0B /* AXCollectionViewFlowLayout.m */ = {isa = PBXFileReference; fileEncoding = 4; lastKnownFileType = sourcecode.c.objc; name = AXCollectionViewFlowLayout.m; path = AXCollectionViewFlowLayout/AXCollectionViewFlowLayout.m; sourceTree = "<group>"; };
		01979E9A1C97E80A00D02B0B /* 1.jpg */ = {isa = PBXFileReference; lastKnownFileType = image.jpeg; path = 1.jpg; sourceTree = "<group>"; };
		01979E9B1C97E80A00D02B0B /* 2.jpg */ = {isa = PBXFileReference; lastKnownFileType = image.jpeg; path = 2.jpg; sourceTree = "<group>"; };
		01979E9C1C97E80A00D02B0B /* 3.jpg */ = {isa = PBXFileReference; lastKnownFileType = image.jpeg; path = 3.jpg; sourceTree = "<group>"; };
		01979E9D1C97E80A00D02B0B /* 4.jpg */ = {isa = PBXFileReference; lastKnownFileType = image.jpeg; path = 4.jpg; sourceTree = "<group>"; };
		01979E9E1C97E80A00D02B0B /* 5.jpg */ = {isa = PBXFileReference; lastKnownFileType = image.jpeg; path = 5.jpg; sourceTree = "<group>"; };
		01979E9F1C97E80A00D02B0B /* 6.jpg */ = {isa = PBXFileReference; lastKnownFileType = image.jpeg; path = 6.jpg; sourceTree = "<group>"; };
		01979EA01C97E80A00D02B0B /* 7.jpg */ = {isa = PBXFileReference; lastKnownFileType = image.jpeg; path = 7.jpg; sourceTree = "<group>"; };
		01979EA11C97E80A00D02B0B /* 8.jpg */ = {isa = PBXFileReference; lastKnownFileType = image.jpeg; path = 8.jpg; sourceTree = "<group>"; };
		01979EA21C97E80A00D02B0B /* 9.jpg */ = {isa = PBXFileReference; lastKnownFileType = image.jpeg; path = 9.jpg; sourceTree = "<group>"; };
		01979EA31C97E80A00D02B0B /* 10.jpg */ = {isa = PBXFileReference; lastKnownFileType = image.jpeg; path = 10.jpg; sourceTree = "<group>"; };
		01979EA41C97E80A00D02B0B /* 11.jpg */ = {isa = PBXFileReference; lastKnownFileType = image.jpeg; path = 11.jpg; sourceTree = "<group>"; };
		01979EA51C97E80A00D02B0B /* 12.jpg */ = {isa = PBXFileReference; lastKnownFileType = image.jpeg; path = 12.jpg; sourceTree = "<group>"; };
		01979EA61C97E80A00D02B0B /* 13.jpg */ = {isa = PBXFileReference; lastKnownFileType = image.jpeg; path = 13.jpg; sourceTree = "<group>"; };
		01979EA71C97E80A00D02B0B /* 14.jpg */ = {isa = PBXFileReference; lastKnownFileType = image.jpeg; path = 14.jpg; sourceTree = "<group>"; };
		01979EA81C97E80A00D02B0B /* 15.jpg */ = {isa = PBXFileReference; lastKnownFileType = image.jpeg; path = 15.jpg; sourceTree = "<group>"; };
		01979EA91C97E80A00D02B0B /* 16.jpg */ = {isa = PBXFileReference; lastKnownFileType = image.jpeg; path = 16.jpg; sourceTree = "<group>"; };
		01979EAA1C97E80A00D02B0B /* 17.jpg */ = {isa = PBXFileReference; lastKnownFileType = image.jpeg; path = 17.jpg; sourceTree = "<group>"; };
		01979EAB1C97E80A00D02B0B /* 18.jpg */ = {isa = PBXFileReference; lastKnownFileType = image.jpeg; path = 18.jpg; sourceTree = "<group>"; };
		01979EAC1C97E80A00D02B0B /* 19.jpg */ = {isa = PBXFileReference; lastKnownFileType = image.jpeg; path = 19.jpg; sourceTree = "<group>"; };
		01979EAD1C97E80A00D02B0B /* 20.jpg */ = {isa = PBXFileReference; lastKnownFileType = image.jpeg; path = 20.jpg; sourceTree = "<group>"; };
		01979EAE1C97E80A00D02B0B /* 21.jpg */ = {isa = PBXFileReference; lastKnownFileType = image.jpeg; path = 21.jpg; sourceTree = "<group>"; };
		01979EAF1C97E80A00D02B0B /* 22.jpg */ = {isa = PBXFileReference; lastKnownFileType = image.jpeg; path = 22.jpg; sourceTree = "<group>"; };
		01979EB01C97E80A00D02B0B /* 23.jpg */ = {isa = PBXFileReference; lastKnownFileType = image.jpeg; path = 23.jpg; sourceTree = "<group>"; };
		01979EC81C97E86E00D02B0B /* CollectionViewCell.h */ = {isa = PBXFileReference; fileEncoding = 4; lastKnownFileType = sourcecode.c.h; path = CollectionViewCell.h; sourceTree = "<group>"; };
		01979EC91C97E86E00D02B0B /* CollectionViewCell.m */ = {isa = PBXFileReference; fileEncoding = 4; lastKnownFileType = sourcecode.c.objc; path = CollectionViewCell.m; sourceTree = "<group>"; };
		01979ECA1C97E86E00D02B0B /* CollectionViewCell.xib */ = {isa = PBXFileReference; fileEncoding = 4; lastKnownFileType = file.xib; path = CollectionViewCell.xib; sourceTree = "<group>"; };
/* End PBXFileReference section */

/* Begin PBXFrameworksBuildPhase section */
		01979E781C97DDF900D02B0B /* Frameworks */ = {
			isa = PBXFrameworksBuildPhase;
			buildActionMask = 2147483647;
			files = (
			);
			runOnlyForDeploymentPostprocessing = 0;
		};
/* End PBXFrameworksBuildPhase section */

/* Begin PBXGroup section */
		01979E721C97DDF900D02B0B = {
			isa = PBXGroup;
			children = (
				01979E7D1C97DDF900D02B0B /* AXCollectionViewFlowLayout */,
				01979E7C1C97DDF900D02B0B /* Products */,
			);
			sourceTree = "<group>";
		};
		01979E7C1C97DDF900D02B0B /* Products */ = {
			isa = PBXGroup;
			children = (
				01979E7B1C97DDF900D02B0B /* AXCollectionViewFlowLayout.app */,
			);
			name = Products;
			sourceTree = "<group>";
		};
		01979E7D1C97DDF900D02B0B /* AXCollectionViewFlowLayout */ = {
			isa = PBXGroup;
			children = (
				01979E811C97DDF900D02B0B /* AppDelegate.h */,
				01979E821C97DDF900D02B0B /* AppDelegate.m */,
				01979E841C97DDF900D02B0B /* ViewController.h */,
				01979E851C97DDF900D02B0B /* ViewController.m */,
				01979EC81C97E86E00D02B0B /* CollectionViewCell.h */,
				01979EC91C97E86E00D02B0B /* CollectionViewCell.m */,
				01979ECA1C97E86E00D02B0B /* CollectionViewCell.xib */,
				01979E981C97DE1600D02B0B /* AXCollectionViewFlowLayout */,
				01979E871C97DDF900D02B0B /* Main.storyboard */,
				01979E8A1C97DDF900D02B0B /* Assets.xcassets */,
				01979E8C1C97DDF900D02B0B /* LaunchScreen.storyboard */,
				01979E8F1C97DDF900D02B0B /* Info.plist */,
				01979E991C97E80A00D02B0B /* 屏保 */,
				01979E7E1C97DDF900D02B0B /* Supporting Files */,
			);
			path = AXCollectionViewFlowLayout;
			sourceTree = "<group>";
		};
		01979E7E1C97DDF900D02B0B /* Supporting Files */ = {
			isa = PBXGroup;
			children = (
				01979E7F1C97DDF900D02B0B /* main.m */,
			);
			name = "Supporting Files";
			sourceTree = "<group>";
		};
		01979E981C97DE1600D02B0B /* AXCollectionViewFlowLayout */ = {
			isa = PBXGroup;
			children = (
				01979E951C97DE1300D02B0B /* AXCollectionViewFlowLayout.h */,
				01979E961C97DE1300D02B0B /* AXCollectionViewFlowLayout.m */,
			);
			name = AXCollectionViewFlowLayout;
			sourceTree = "<group>";
		};
		01979E991C97E80A00D02B0B /* 屏保 */ = {
			isa = PBXGroup;
			children = (
				01979E9A1C97E80A00D02B0B /* 1.jpg */,
				01979E9B1C97E80A00D02B0B /* 2.jpg */,
				01979E9C1C97E80A00D02B0B /* 3.jpg */,
				01979E9D1C97E80A00D02B0B /* 4.jpg */,
				01979E9E1C97E80A00D02B0B /* 5.jpg */,
				01979E9F1C97E80A00D02B0B /* 6.jpg */,
				01979EA01C97E80A00D02B0B /* 7.jpg */,
				01979EA11C97E80A00D02B0B /* 8.jpg */,
				01979EA21C97E80A00D02B0B /* 9.jpg */,
				01979EA31C97E80A00D02B0B /* 10.jpg */,
				01979EA41C97E80A00D02B0B /* 11.jpg */,
				01979EA51C97E80A00D02B0B /* 12.jpg */,
				01979EA61C97E80A00D02B0B /* 13.jpg */,
				01979EA71C97E80A00D02B0B /* 14.jpg */,
				01979EA81C97E80A00D02B0B /* 15.jpg */,
				01979EA91C97E80A00D02B0B /* 16.jpg */,
				01979EAA1C97E80A00D02B0B /* 17.jpg */,
				01979EAB1C97E80A00D02B0B /* 18.jpg */,
				01979EAC1C97E80A00D02B0B /* 19.jpg */,
				01979EAD1C97E80A00D02B0B /* 20.jpg */,
				01979EAE1C97E80A00D02B0B /* 21.jpg */,
				01979EAF1C97E80A00D02B0B /* 22.jpg */,
				01979EB01C97E80A00D02B0B /* 23.jpg */,
			);
			path = "屏保";
			sourceTree = "<group>";
		};
/* End PBXGroup section */

/* Begin PBXNativeTarget section */
		01979E7A1C97DDF900D02B0B /* AXCollectionViewFlowLayout */ = {
			isa = PBXNativeTarget;
			buildConfigurationList = 01979E921C97DDF900D02B0B /* Build configuration list for PBXNativeTarget "AXCollectionViewFlowLayout" */;
			buildPhases = (
				01979E771C97DDF900D02B0B /* Sources */,
				01979E781C97DDF900D02B0B /* Frameworks */,
				01979E791C97DDF900D02B0B /* Resources */,
			);
			buildRules = (
			);
			dependencies = (
			);
			name = AXCollectionViewFlowLayout;
			productName = AXCollectionViewFlowLayout;
			productReference = 01979E7B1C97DDF900D02B0B /* AXCollectionViewFlowLayout.app */;
			productType = "com.apple.product-type.application";
		};
/* End PBXNativeTarget section */

/* Begin PBXProject section */
		01979E731C97DDF900D02B0B /* Project object */ = {
			isa = PBXProject;
			attributes = {
				LastUpgradeCheck = 0720;
				ORGANIZATIONNAME = devedbox;
				TargetAttributes = {
					01979E7A1C97DDF900D02B0B = {
						CreatedOnToolsVersion = 7.2.1;
						DevelopmentTeam = TKA48YVS5T;
					};
				};
			};
			buildConfigurationList = 01979E761C97DDF900D02B0B /* Build configuration list for PBXProject "AXCollectionViewFlowLayout" */;
			compatibilityVersion = "Xcode 3.2";
			developmentRegion = English;
			hasScannedForEncodings = 0;
			knownRegions = (
				en,
				Base,
			);
			mainGroup = 01979E721C97DDF900D02B0B;
			productRefGroup = 01979E7C1C97DDF900D02B0B /* Products */;
			projectDirPath = "";
			projectRoot = "";
			targets = (
				01979E7A1C97DDF900D02B0B /* AXCollectionViewFlowLayout */,
			);
		};
/* End PBXProject section */

/* Begin PBXResourcesBuildPhase section */
		01979E791C97DDF900D02B0B /* Resources */ = {
			isa = PBXResourcesBuildPhase;
			buildActionMask = 2147483647;
			files = (
				01979EBA1C97E80A00D02B0B /* 10.jpg in Resources */,
				01979EC11C97E80A00D02B0B /* 17.jpg in Resources */,
				01979EBD1C97E80A00D02B0B /* 13.jpg in Resources */,
				01979EBC1C97E80A00D02B0B /* 12.jpg in Resources */,
				01979E8E1C97DDF900D02B0B /* LaunchScreen.storyboard in Resources */,
				01979EBF1C97E80A00D02B0B /* 15.jpg in Resources */,
				01979EC61C97E80A00D02B0B /* 22.jpg in Resources */,
				01979EB91C97E80A00D02B0B /* 9.jpg in Resources */,
				01979EB71C97E80A00D02B0B /* 7.jpg in Resources */,
				01979EB81C97E80A00D02B0B /* 8.jpg in Resources */,
				01979EB21C97E80A00D02B0B /* 2.jpg in Resources */,
				01979EC21C97E80A00D02B0B /* 18.jpg in Resources */,
				01979EB41C97E80A00D02B0B /* 4.jpg in Resources */,
				01979EBE1C97E80A00D02B0B /* 14.jpg in Resources */,
				01979EC31C97E80A00D02B0B /* 19.jpg in Resources */,
				01979E8B1C97DDF900D02B0B /* Assets.xcassets in Resources */,
				01979EB61C97E80A00D02B0B /* 6.jpg in Resources */,
				01979EC51C97E80A00D02B0B /* 21.jpg in Resources */,
				01979E891C97DDF900D02B0B /* Main.storyboard in Resources */,
				01979EB31C97E80A00D02B0B /* 3.jpg in Resources */,
				01979EC41C97E80A00D02B0B /* 20.jpg in Resources */,
				01979EB51C97E80A00D02B0B /* 5.jpg in Resources */,
				01979EC01C97E80A00D02B0B /* 16.jpg in Resources */,
				01979EBB1C97E80A00D02B0B /* 11.jpg in Resources */,
				01979EC71C97E80A00D02B0B /* 23.jpg in Resources */,
				01979EB11C97E80A00D02B0B /* 1.jpg in Resources */,
				01979ECC1C97E86E00D02B0B /* CollectionViewCell.xib in Resources */,
			);
			runOnlyForDeploymentPostprocessing = 0;
		};
/* End PBXResourcesBuildPhase section */

/* Begin PBXSourcesBuildPhase section */
		01979E771C97DDF900D02B0B /* Sources */ = {
			isa = PBXSourcesBuildPhase;
			buildActionMask = 2147483647;
			files = (
				01979E861C97DDF900D02B0B /* ViewController.m in Sources */,
				01979ECB1C97E86E00D02B0B /* CollectionViewCell.m in Sources */,
				01979E971C97DE1300D02B0B /* AXCollectionViewFlowLayout.m in Sources */,
				01979E831C97DDF900D02B0B /* AppDelegate.m in Sources */,
				01979E801C97DDF900D02B0B /* main.m in Sources */,
			);
			runOnlyForDeploymentPostprocessing = 0;
		};
/* End PBXSourcesBuildPhase section */

/* Begin PBXVariantGroup section */
		01979E871C97DDF900D02B0B /* Main.storyboard */ = {
			isa = PBXVariantGroup;
			children = (
				01979E881C97DDF900D02B0B /* Base */,
			);
			name = Main.storyboard;
			sourceTree = "<group>";
		};
		01979E8C1C97DDF900D02B0B /* LaunchScreen.storyboard */ = {
			isa = PBXVariantGroup;
			children = (
				01979E8D1C97DDF900D02B0B /* Base */,
			);
			name = LaunchScreen.storyboard;
			sourceTree = "<group>";
		};
/* End PBXVariantGroup section */

/* Begin XCBuildConfiguration section */
		01979E901C97DDF900D02B0B /* Debug */ = {
			isa = XCBuildConfiguration;
			buildSettings = {
				ALWAYS_SEARCH_USER_PATHS = NO;
				CLANG_CXX_LANGUAGE_STANDARD = "gnu++0x";
				CLANG_CXX_LIBRARY = "libc++";
				CLANG_ENABLE_MODULES = YES;
				CLANG_ENABLE_OBJC_ARC = YES;
				CLANG_WARN_BOOL_CONVERSION = YES;
				CLANG_WARN_CONSTANT_CONVERSION = YES;
				CLANG_WARN_DIRECT_OBJC_ISA_USAGE = YES_ERROR;
				CLANG_WARN_EMPTY_BODY = YES;
				CLANG_WARN_ENUM_CONVERSION = YES;
				CLANG_WARN_INT_CONVERSION = YES;
				CLANG_WARN_OBJC_ROOT_CLASS = YES_ERROR;
				CLANG_WARN_UNREACHABLE_CODE = YES;
				CLANG_WARN__DUPLICATE_METHOD_MATCH = YES;
				"CODE_SIGN_IDENTITY[sdk=iphoneos*]" = "iPhone Developer";
				COPY_PHASE_STRIP = NO;
				DEBUG_INFORMATION_FORMAT = dwarf;
				ENABLE_STRICT_OBJC_MSGSEND = YES;
				ENABLE_TESTABILITY = YES;
				GCC_C_LANGUAGE_STANDARD = gnu99;
				GCC_DYNAMIC_NO_PIC = NO;
				GCC_NO_COMMON_BLOCKS = YES;
				GCC_OPTIMIZATION_LEVEL = 0;
				GCC_PREPROCESSOR_DEFINITIONS = (
					"DEBUG=1",
					"$(inherited)",
				);
				GCC_WARN_64_TO_32_BIT_CONVERSION = YES;
				GCC_WARN_ABOUT_RETURN_TYPE = YES_ERROR;
				GCC_WARN_UNDECLARED_SELECTOR = YES;
				GCC_WARN_UNINITIALIZED_AUTOS = YES_AGGRESSIVE;
				GCC_WARN_UNUSED_FUNCTION = YES;
				GCC_WARN_UNUSED_VARIABLE = YES;
				IPHONEOS_DEPLOYMENT_TARGET = 9.2;
				MTL_ENABLE_DEBUG_INFO = YES;
				ONLY_ACTIVE_ARCH = YES;
				SDKROOT = iphoneos;
			};
			name = Debug;
		};
		01979E911C97DDF900D02B0B /* Release */ = {
			isa = XCBuildConfiguration;
			buildSettings = {
				ALWAYS_SEARCH_USER_PATHS = NO;
				CLANG_CXX_LANGUAGE_STANDARD = "gnu++0x";
				CLANG_CXX_LIBRARY = "libc++";
				CLANG_ENABLE_MODULES = YES;
				CLANG_ENABLE_OBJC_ARC = YES;
				CLANG_WARN_BOOL_CONVERSION = YES;
				CLANG_WARN_CONSTANT_CONVERSION = YES;
				CLANG_WARN_DIRECT_OBJC_ISA_USAGE = YES_ERROR;
				CLANG_WARN_EMPTY_BODY = YES;
				CLANG_WARN_ENUM_CONVERSION = YES;
				CLANG_WARN_INT_CONVERSION = YES;
				CLANG_WARN_OBJC_ROOT_CLASS = YES_ERROR;
				CLANG_WARN_UNREACHABLE_CODE = YES;
				CLANG_WARN__DUPLICATE_METHOD_MATCH = YES;
				"CODE_SIGN_IDENTITY[sdk=iphoneos*]" = "iPhone Developer";
				COPY_PHASE_STRIP = NO;
				DEBUG_INFORMATION_FORMAT = "dwarf-with-dsym";
				ENABLE_NS_ASSERTIONS = NO;
				ENABLE_STRICT_OBJC_MSGSEND = YES;
				GCC_C_LANGUAGE_STANDARD = gnu99;
				GCC_NO_COMMON_BLOCKS = YES;
				GCC_WARN_64_TO_32_BIT_CONVERSION = YES;
				GCC_WARN_ABOUT_RETURN_TYPE = YES_ERROR;
				GCC_WARN_UNDECLARED_SELECTOR = YES;
				GCC_WARN_UNINITIALIZED_AUTOS = YES_AGGRESSIVE;
				GCC_WARN_UNUSED_FUNCTION = YES;
				GCC_WARN_UNUSED_VARIABLE = YES;
				IPHONEOS_DEPLOYMENT_TARGET = 9.2;
				MTL_ENABLE_DEBUG_INFO = NO;
				SDKROOT = iphoneos;
				VALIDATE_PRODUCT = YES;
			};
			name = Release;
		};
		01979E931C97DDF900D02B0B /* Debug */ = {
			isa = XCBuildConfiguration;
			buildSettings = {
				ASSETCATALOG_COMPILER_APPICON_NAME = AppIcon;
				DEVELOPMENT_TEAM = TKA48YVS5T;
				INFOPLIST_FILE = AXCollectionViewFlowLayout/Info.plist;
				LD_RUNPATH_SEARCH_PATHS = "$(inherited) @executable_path/Frameworks";
				PRODUCT_BUNDLE_IDENTIFIER = devedbox.AXCollectionViewFlowLayout;
				PRODUCT_NAME = "$(TARGET_NAME)";
			};
			name = Debug;
		};
		01979E941C97DDF900D02B0B /* Release */ = {
			isa = XCBuildConfiguration;
			buildSettings = {
				ASSETCATALOG_COMPILER_APPICON_NAME = AppIcon;
				DEVELOPMENT_TEAM = TKA48YVS5T;
				INFOPLIST_FILE = AXCollectionViewFlowLayout/Info.plist;
				LD_RUNPATH_SEARCH_PATHS = "$(inherited) @executable_path/Frameworks";
				PRODUCT_BUNDLE_IDENTIFIER = devedbox.AXCollectionViewFlowLayout;
				PRODUCT_NAME = "$(TARGET_NAME)";
			};
			name = Release;
		};
/* End XCBuildConfiguration section */

/* Begin XCConfigurationList section */
		01979E761C97DDF900D02B0B /* Build configuration list for PBXProject "AXCollectionViewFlowLayout" */ = {
			isa = XCConfigurationList;
			buildConfigurations = (
				01979E901C97DDF900D02B0B /* Debug */,
				01979E911C97DDF900D02B0B /* Release */,
			);
			defaultConfigurationIsVisible = 0;
			defaultConfigurationName = Release;
		};
		01979E921C97DDF900D02B0B /* Build configuration list for PBXNativeTarget "AXCollectionViewFlowLayout" */ = {
			isa = XCConfigurationList;
			buildConfigurations = (
				01979E931C97DDF900D02B0B /* Debug */,
				01979E941C97DDF900D02B0B /* Release */,
			);
			defaultConfigurationIsVisible = 0;
			defaultConfigurationName = Release;
		};
/* End XCConfigurationList section */
	};
	rootObject = 01979E731C97DDF900D02B0B /* Project object */;
}
